
Microsoft Visual Studio Solution File, Format Version 12.00
# Visual Studio Version 17
VisualStudioVersion = 17.11.35312.102
MinimumVisualStudioVersion = 10.0.40219.1
Project("{FAE04EC0-301F-11D3-BF4B-00C04F79EFBC}") = "ConsoleApp9", "ConsoleApp9\ConsoleApp9.csproj", "{5C2B0DD2-7061-467B-B3E7-7D7C97CF77E7}"
EndProject
Project("{FAE04EC0-301F-11D3-BF4B-00C04F79EFBC}") = "task indi", "task indi\task indi.csproj", "{ED925E9D-972D-4DAF-A87D-23764B439868}"
EndProject
Global
	GlobalSection(SolutionConfigurationPlatforms) = preSolution
		Debug|Any CPU = Debug|Any CPU
		Release|Any CPU = Release|Any CPU
	EndGlobalSection
	GlobalSection(ProjectConfigurationPlatforms) = postSolution
		{5C2B0DD2-7061-467B-B3E7-7D7C97CF77E7}.Debug|Any CPU.ActiveCfg = Debug|Any CPU
		{5C2B0DD2-7061-467B-B3E7-7D7C97CF77E7}.Debug|Any CPU.Build.0 = Debug|Any CPU
		{5C2B0DD2-7061-467B-B3E7-7D7C97CF77E7}.Release|Any CPU.ActiveCfg = Release|Any CPU
		{5C2B0DD2-7061-467B-B3E7-7D7C97CF77E7}.Release|Any CPU.Build.0 = Release|Any CPU
		{ED925E9D-972D-4DAF-A87D-23764B439868}.Debug|Any CPU.ActiveCfg = Debug|Any CPU
		{ED925E9D-972D-4DAF-A87D-23764B439868}.Debug|Any CPU.Build.0 = Debug|Any CPU
		{ED925E9D-972D-4DAF-A87D-23764B439868}.Release|Any CPU.ActiveCfg = Release|Any CPU
		{ED925E9D-972D-4DAF-A87D-23764B439868}.Release|Any CPU.Build.0 = Release|Any CPU
	EndGlobalSection
	GlobalSection(SolutionProperties) = preSolution
		HideSolutionNode = FALSE
	EndGlobalSection
	GlobalSection(ExtensibilityGlobals) = postSolution
		SolutionGuid = {EB39D496-F113-485B-918B-B634495F55E4}
	EndGlobalSection
EndGlobal
